{
  "name": "independent-publisher-3",
  "version": "1.0.0",
  "lockfileVersion": 3,
  "requires": true,
  "packages": {
    "": {
      "name": "independent-publisher-3",
      "version": "1.0.0",
      "license": "GPL-2.0+",
      "engines": {
        "node": ">=0.8.0",
        "npm": ">=1.1.0"
      }
    }
  }
}
